
Microsoft Visual Studio Solution File, Format Version 12.00
# Visual Studio Version 17
VisualStudioVersion = 17.14.36408.4
MinimumVisualStudioVersion = 10.0.40219.1
Project("{2150E333-8FDC-42A3-9474-1A3956D46DE8}") = "Features", "Features", "{02EA681E-C7D8-13C7-8484-4AC65E1B71E8}"
EndProject
Project("{2150E333-8FDC-42A3-9474-1A3956D46DE8}") = "Products", "Products", "{FAD793B6-12FA-4F79-97CC-C6BC4ED70068}"
EndProject
Project("{2150E333-8FDC-42A3-9474-1A3956D46DE8}") = "GetProduct", "GetProduct", "{9F58696D-BDCD-4863-8FAD-DB4CA444573D}"
EndProject
Project("{FAE04EC0-301F-11D3-BF4B-00C04F79EFBC}") = "Tec.ProductCatalog.GetProduct.BusinessObjects", "Tec.ProductCatalog.GetProduct.BusinessObjects\Tec.ProductCatalog.GetProduct.BusinessObjects.csproj", "{C18EAB1E-355C-48A0-9B2D-E26C3525059C}"
EndProject
Project("{FAE04EC0-301F-11D3-BF4B-00C04F79EFBC}") = "Tec.ProductCatalog.GetProduct.Entities", "Tec.ProductCatalog.GetProduct.Entities\Tec.ProductCatalog.GetProduct.Entities.csproj", "{D0EDA989-BDBE-479F-AB7E-C20283F5C517}"
EndProject
Project("{FAE04EC0-301F-11D3-BF4B-00C04F79EFBC}") = "Tec.ProductCatalog.GetProduct.Core", "Tec.ProductCatalog.GetProduct.Core\Tec.ProductCatalog.GetProduct.Core.csproj", "{2DA17D6A-2A5A-4412-A807-923E31900A63}"
EndProject
Project("{2150E333-8FDC-42A3-9474-1A3956D46DE8}") = "Common", "Common", "{602768D7-A57E-425D-AA35-BDD5BBC9AFB5}"
EndProject
Project("{2150E333-8FDC-42A3-9474-1A3956D46DE8}") = "Repositories", "Repositories", "{1F35C06D-A3E1-4C42-A4AC-EB7FFB19A79F}"
EndProject
Project("{FAE04EC0-301F-11D3-BF4B-00C04F79EFBC}") = "Tec.ProductCatalog.EFCore.Repositories", "Tec.ProductCatalog.EFCore.Repositories\Tec.ProductCatalog.EFCore.Repositories.csproj", "{99D81393-D647-47DF-B849-B0DB944C8F95}"
EndProject
Project("{2150E333-8FDC-42A3-9474-1A3956D46DE8}") = "Contracts", "Contracts", "{663C2959-0525-4FBE-A232-5E6A2ECBBBFD}"
EndProject
Project("{2150E333-8FDC-42A3-9474-1A3956D46DE8}") = "Rest", "Rest", "{6D846E1E-A75C-44B1-B57B-ACA07A2029FE}"
EndProject
Project("{FAE04EC0-301F-11D3-BF4B-00C04F79EFBC}") = "Tec.ProductCatalog.GetProduct.Rest.Endpoints", "Tec.ProductCatalog.GetProduct.Rest.Endpoints\Tec.ProductCatalog.GetProduct.Rest.Endpoints.csproj", "{C6AB24D2-A821-4FC0-895F-BF46187DC836}"
EndProject
Project("{FAE04EC0-301F-11D3-BF4B-00C04F79EFBC}") = "Tec.ProductCatalog.GetProduct.Rest.Mappings", "Tec.ProductCatalog.GetProduct.Rest.Mappings\Tec.ProductCatalog.GetProduct.Rest.Mappings.csproj", "{251A4A07-4FA7-4A7F-A90B-75B863AD795E}"
EndProject
Project("{2150E333-8FDC-42A3-9474-1A3956D46DE8}") = "CreateProduct", "CreateProduct", "{9F5035C2-D318-4E1F-A322-B3C020A342AC}"
EndProject
Project("{FAE04EC0-301F-11D3-BF4B-00C04F79EFBC}") = "Tec.ProductCatalog.GetProduct.IoC", "Tec.ProductCatalog.GetProduct.IoC\Tec.ProductCatalog.GetProduct.IoC.csproj", "{F8B31287-4435-457B-B87A-0FFB63CEFE2F}"
EndProject
Project("{2150E333-8FDC-42A3-9474-1A3956D46DE8}") = "GetProducts", "GetProducts", "{7B2993DE-F182-4C16-9F96-8BE2C6DEC01A}"
EndProject
Project("{FAE04EC0-301F-11D3-BF4B-00C04F79EFBC}") = "Tec.ProductCatalog.GetProducts.BusinessObjects", "Tec.ProductCatalog.GetProducts.BusinessObjects\Tec.ProductCatalog.GetProducts.BusinessObjects.csproj", "{D405342E-4E87-4690-99F9-128176A339D3}"
EndProject
Project("{FAE04EC0-301F-11D3-BF4B-00C04F79EFBC}") = "Tec.ProductCatalog.GetProducts.Core", "Tec.ProductCatalog.GetProducts.Core\Tec.ProductCatalog.GetProducts.Core.csproj", "{D1DF5C7A-7D79-4140-AFCE-72C319C08BE9}"
EndProject
Project("{FAE04EC0-301F-11D3-BF4B-00C04F79EFBC}") = "Tec.ProductCatalog.GetProducts.Entities", "Tec.ProductCatalog.GetProducts.Entities\Tec.ProductCatalog.GetProducts.Entities.csproj", "{F1012FF5-3CFA-4519-B5F2-C3D7A0361C9B}"
EndProject
Project("{FAE04EC0-301F-11D3-BF4B-00C04F79EFBC}") = "Tec.ProductCatalog.GetProducts.IoC", "Tec.ProductCatalog.GetProducts.IoC\Tec.ProductCatalog.GetProducts.IoC.csproj", "{80969F35-04EB-4283-8910-6FED7E688635}"
EndProject
Project("{2150E333-8FDC-42A3-9474-1A3956D46DE8}") = "Contracts", "Contracts", "{A96AE328-548F-469C-86E4-F5FD9F27CB91}"
EndProject
Project("{2150E333-8FDC-42A3-9474-1A3956D46DE8}") = "Rest", "Rest", "{FD9AEB40-04E9-4FA9-BD30-5AD2094422C3}"
EndProject
Project("{FAE04EC0-301F-11D3-BF4B-00C04F79EFBC}") = "Tec.ProductCatalog.GetProducts.Rest.Endpoints", "Tec.ProductCatalog.GetProducts.Rest.Endpoints\Tec.ProductCatalog.GetProducts.Rest.Endpoints.csproj", "{F5D89D53-DCCD-406F-B62F-66A13805ACF8}"
EndProject
Project("{FAE04EC0-301F-11D3-BF4B-00C04F79EFBC}") = "Tec.ProductCatalog.GetProducts.Rest.Mappings", "Tec.ProductCatalog.GetProducts.Rest.Mappings\Tec.ProductCatalog.GetProducts.Rest.Mappings.csproj", "{5418B541-B24F-46BC-ABB8-0814C6174AEE}"
EndProject
Project("{2150E333-8FDC-42A3-9474-1A3956D46DE8}") = "WebApis", "WebApis", "{43E7D159-47B0-4797-AD4B-89987B2055EF}"
EndProject
Project("{FAE04EC0-301F-11D3-BF4B-00C04F79EFBC}") = "Tec.ProductCatalog.WebAPI", "Tec.ProductCatalog.WebAPI\Tec.ProductCatalog.WebAPI.csproj", "{FFDB633C-997A-4928-B9F5-714021282FA6}"
EndProject
Project("{2150E333-8FDC-42A3-9474-1A3956D46DE8}") = "Common", "Common", "{001CFE56-4B0C-4D37-81DC-85583E397D2A}"
EndProject
Project("{FAE04EC0-301F-11D3-BF4B-00C04F79EFBC}") = "DomainValidation", "DomainValidation\DomainValidation.csproj", "{AC275546-0ADB-4820-9210-F34C2B9DF59F}"
EndProject
Project("{FAE04EC0-301F-11D3-BF4B-00C04F79EFBC}") = "Tec.ProductCatalog.CreateProduct.BusinessObjects", "Tec.ProductCatalog.CreateProduct.BusinessObjects\Tec.ProductCatalog.CreateProduct.BusinessObjects.csproj", "{03F1FE16-56F7-4820-974F-5CF67242C466}"
EndProject
Project("{FAE04EC0-301F-11D3-BF4B-00C04F79EFBC}") = "Tec.ProductCatalog.CreateProduct.Core", "Tec.ProductCatalog.CreateProduct.Core\Tec.ProductCatalog.CreateProduct.Core.csproj", "{9FA52D10-344C-4996-A45F-5336427CD362}"
EndProject
Project("{FAE04EC0-301F-11D3-BF4B-00C04F79EFBC}") = "Tec.ProductCatalog.CreateProduct.Entities", "Tec.ProductCatalog.CreateProduct.Entities\Tec.ProductCatalog.CreateProduct.Entities.csproj", "{BD84A242-5330-4642-B328-37D47C80B4AB}"
EndProject
Project("{FAE04EC0-301F-11D3-BF4B-00C04F79EFBC}") = "Tec.ProductCatalog.CreateProduct.IoC", "Tec.ProductCatalog.CreateProduct.IoC\Tec.ProductCatalog.CreateProduct.IoC.csproj", "{6E6D76F6-8D32-45ED-80A9-06650B88FA51}"
EndProject
Project("{2150E333-8FDC-42A3-9474-1A3956D46DE8}") = "Contracts", "Contracts", "{03805083-80A3-4657-9726-6AC4F3AAF73F}"
EndProject
Project("{2150E333-8FDC-42A3-9474-1A3956D46DE8}") = "Rest", "Rest", "{D85E47AA-10D0-497C-B89D-07F83549465E}"
EndProject
Project("{FAE04EC0-301F-11D3-BF4B-00C04F79EFBC}") = "Tec.ProductCatalog.CreateProduct.Rest.Endpoints", "Tec.ProductCatalog.CreateProduct.Rest.Endpoints\Tec.ProductCatalog.CreateProduct.Rest.Endpoints.csproj", "{DC57418F-9641-49BE-A0FE-36F1CB1921EB}"
EndProject
Project("{FAE04EC0-301F-11D3-BF4B-00C04F79EFBC}") = "Tec.ProductCatalog.CreateProduct.Rest.Mappings", "Tec.ProductCatalog.CreateProduct.Rest.Mappings\Tec.ProductCatalog.CreateProduct.Rest.Mappings.csproj", "{EBCC9C29-29BC-4822-9063-D5B6EDB0ECB6}"
EndProject
Project("{FAE04EC0-301F-11D3-BF4B-00C04F79EFBC}") = "HttpExceptionHandling", "HttpExceptionHandling\HttpExceptionHandling.csproj", "{E476E3C8-ABC1-4E5F-96B6-4CD8CEA2DF62}"
EndProject
Project("{FAE04EC0-301F-11D3-BF4B-00C04F79EFBC}") = "Tec.ProductCatalog.GetProduct.IntegrationTest", "Tec.ProductCatalog.GetProduct.IntegrationTest\Tec.ProductCatalog.GetProduct.IntegrationTest.csproj", "{03A98066-48F2-452D-82F6-6EB689751E76}"
EndProject
Project("{FAE04EC0-301F-11D3-BF4B-00C04F79EFBC}") = "Tec.ProductCatalog.CreateProduct.IntegrationTests", "Tec.ProductCatalog.CreateProduct.IntegrationTests\Tec.ProductCatalog.CreateProduct.IntegrationTests.csproj", "{D0BA200A-6B51-41B4-AB79-6FD04F95CF0E}"
EndProject
Global
	GlobalSection(SolutionConfigurationPlatforms) = preSolution
		Debug|Any CPU = Debug|Any CPU
		Release|Any CPU = Release|Any CPU
	EndGlobalSection
	GlobalSection(ProjectConfigurationPlatforms) = postSolution
		{C18EAB1E-355C-48A0-9B2D-E26C3525059C}.Debug|Any CPU.ActiveCfg = Debug|Any CPU
		{C18EAB1E-355C-48A0-9B2D-E26C3525059C}.Debug|Any CPU.Build.0 = Debug|Any CPU
		{C18EAB1E-355C-48A0-9B2D-E26C3525059C}.Release|Any CPU.ActiveCfg = Release|Any CPU
		{C18EAB1E-355C-48A0-9B2D-E26C3525059C}.Release|Any CPU.Build.0 = Release|Any CPU
		{D0EDA989-BDBE-479F-AB7E-C20283F5C517}.Debug|Any CPU.ActiveCfg = Debug|Any CPU
		{D0EDA989-BDBE-479F-AB7E-C20283F5C517}.Debug|Any CPU.Build.0 = Debug|Any CPU
		{D0EDA989-BDBE-479F-AB7E-C20283F5C517}.Release|Any CPU.ActiveCfg = Release|Any CPU
		{D0EDA989-BDBE-479F-AB7E-C20283F5C517}.Release|Any CPU.Build.0 = Release|Any CPU
		{2DA17D6A-2A5A-4412-A807-923E31900A63}.Debug|Any CPU.ActiveCfg = Debug|Any CPU
		{2DA17D6A-2A5A-4412-A807-923E31900A63}.Debug|Any CPU.Build.0 = Debug|Any CPU
		{2DA17D6A-2A5A-4412-A807-923E31900A63}.Release|Any CPU.ActiveCfg = Release|Any CPU
		{2DA17D6A-2A5A-4412-A807-923E31900A63}.Release|Any CPU.Build.0 = Release|Any CPU
		{99D81393-D647-47DF-B849-B0DB944C8F95}.Debug|Any CPU.ActiveCfg = Debug|Any CPU
		{99D81393-D647-47DF-B849-B0DB944C8F95}.Debug|Any CPU.Build.0 = Debug|Any CPU
		{99D81393-D647-47DF-B849-B0DB944C8F95}.Release|Any CPU.ActiveCfg = Release|Any CPU
		{99D81393-D647-47DF-B849-B0DB944C8F95}.Release|Any CPU.Build.0 = Release|Any CPU
		{C6AB24D2-A821-4FC0-895F-BF46187DC836}.Debug|Any CPU.ActiveCfg = Debug|Any CPU
		{C6AB24D2-A821-4FC0-895F-BF46187DC836}.Debug|Any CPU.Build.0 = Debug|Any CPU
		{C6AB24D2-A821-4FC0-895F-BF46187DC836}.Release|Any CPU.ActiveCfg = Release|Any CPU
		{C6AB24D2-A821-4FC0-895F-BF46187DC836}.Release|Any CPU.Build.0 = Release|Any CPU
		{251A4A07-4FA7-4A7F-A90B-75B863AD795E}.Debug|Any CPU.ActiveCfg = Debug|Any CPU
		{251A4A07-4FA7-4A7F-A90B-75B863AD795E}.Debug|Any CPU.Build.0 = Debug|Any CPU
		{251A4A07-4FA7-4A7F-A90B-75B863AD795E}.Release|Any CPU.ActiveCfg = Release|Any CPU
		{251A4A07-4FA7-4A7F-A90B-75B863AD795E}.Release|Any CPU.Build.0 = Release|Any CPU
		{F8B31287-4435-457B-B87A-0FFB63CEFE2F}.Debug|Any CPU.ActiveCfg = Debug|Any CPU
		{F8B31287-4435-457B-B87A-0FFB63CEFE2F}.Debug|Any CPU.Build.0 = Debug|Any CPU
		{F8B31287-4435-457B-B87A-0FFB63CEFE2F}.Release|Any CPU.ActiveCfg = Release|Any CPU
		{F8B31287-4435-457B-B87A-0FFB63CEFE2F}.Release|Any CPU.Build.0 = Release|Any CPU
		{D405342E-4E87-4690-99F9-128176A339D3}.Debug|Any CPU.ActiveCfg = Debug|Any CPU
		{D405342E-4E87-4690-99F9-128176A339D3}.Debug|Any CPU.Build.0 = Debug|Any CPU
		{D405342E-4E87-4690-99F9-128176A339D3}.Release|Any CPU.ActiveCfg = Release|Any CPU
		{D405342E-4E87-4690-99F9-128176A339D3}.Release|Any CPU.Build.0 = Release|Any CPU
		{D1DF5C7A-7D79-4140-AFCE-72C319C08BE9}.Debug|Any CPU.ActiveCfg = Debug|Any CPU
		{D1DF5C7A-7D79-4140-AFCE-72C319C08BE9}.Debug|Any CPU.Build.0 = Debug|Any CPU
		{D1DF5C7A-7D79-4140-AFCE-72C319C08BE9}.Release|Any CPU.ActiveCfg = Release|Any CPU
		{D1DF5C7A-7D79-4140-AFCE-72C319C08BE9}.Release|Any CPU.Build.0 = Release|Any CPU
		{F1012FF5-3CFA-4519-B5F2-C3D7A0361C9B}.Debug|Any CPU.ActiveCfg = Debug|Any CPU
		{F1012FF5-3CFA-4519-B5F2-C3D7A0361C9B}.Debug|Any CPU.Build.0 = Debug|Any CPU
		{F1012FF5-3CFA-4519-B5F2-C3D7A0361C9B}.Release|Any CPU.ActiveCfg = Release|Any CPU
		{F1012FF5-3CFA-4519-B5F2-C3D7A0361C9B}.Release|Any CPU.Build.0 = Release|Any CPU
		{80969F35-04EB-4283-8910-6FED7E688635}.Debug|Any CPU.ActiveCfg = Debug|Any CPU
		{80969F35-04EB-4283-8910-6FED7E688635}.Debug|Any CPU.Build.0 = Debug|Any CPU
		{80969F35-04EB-4283-8910-6FED7E688635}.Release|Any CPU.ActiveCfg = Release|Any CPU
		{80969F35-04EB-4283-8910-6FED7E688635}.Release|Any CPU.Build.0 = Release|Any CPU
		{F5D89D53-DCCD-406F-B62F-66A13805ACF8}.Debug|Any CPU.ActiveCfg = Debug|Any CPU
		{F5D89D53-DCCD-406F-B62F-66A13805ACF8}.Debug|Any CPU.Build.0 = Debug|Any CPU
		{F5D89D53-DCCD-406F-B62F-66A13805ACF8}.Release|Any CPU.ActiveCfg = Release|Any CPU
		{F5D89D53-DCCD-406F-B62F-66A13805ACF8}.Release|Any CPU.Build.0 = Release|Any CPU
		{5418B541-B24F-46BC-ABB8-0814C6174AEE}.Debug|Any CPU.ActiveCfg = Debug|Any CPU
		{5418B541-B24F-46BC-ABB8-0814C6174AEE}.Debug|Any CPU.Build.0 = Debug|Any CPU
		{5418B541-B24F-46BC-ABB8-0814C6174AEE}.Release|Any CPU.ActiveCfg = Release|Any CPU
		{5418B541-B24F-46BC-ABB8-0814C6174AEE}.Release|Any CPU.Build.0 = Release|Any CPU
		{FFDB633C-997A-4928-B9F5-714021282FA6}.Debug|Any CPU.ActiveCfg = Debug|Any CPU
		{FFDB633C-997A-4928-B9F5-714021282FA6}.Debug|Any CPU.Build.0 = Debug|Any CPU
		{FFDB633C-997A-4928-B9F5-714021282FA6}.Release|Any CPU.ActiveCfg = Release|Any CPU
		{FFDB633C-997A-4928-B9F5-714021282FA6}.Release|Any CPU.Build.0 = Release|Any CPU
		{AC275546-0ADB-4820-9210-F34C2B9DF59F}.Debug|Any CPU.ActiveCfg = Debug|Any CPU
		{AC275546-0ADB-4820-9210-F34C2B9DF59F}.Debug|Any CPU.Build.0 = Debug|Any CPU
		{AC275546-0ADB-4820-9210-F34C2B9DF59F}.Release|Any CPU.ActiveCfg = Release|Any CPU
		{AC275546-0ADB-4820-9210-F34C2B9DF59F}.Release|Any CPU.Build.0 = Release|Any CPU
		{03F1FE16-56F7-4820-974F-5CF67242C466}.Debug|Any CPU.ActiveCfg = Debug|Any CPU
		{03F1FE16-56F7-4820-974F-5CF67242C466}.Debug|Any CPU.Build.0 = Debug|Any CPU
		{03F1FE16-56F7-4820-974F-5CF67242C466}.Release|Any CPU.ActiveCfg = Release|Any CPU
		{03F1FE16-56F7-4820-974F-5CF67242C466}.Release|Any CPU.Build.0 = Release|Any CPU
		{9FA52D10-344C-4996-A45F-5336427CD362}.Debug|Any CPU.ActiveCfg = Debug|Any CPU
		{9FA52D10-344C-4996-A45F-5336427CD362}.Debug|Any CPU.Build.0 = Debug|Any CPU
		{9FA52D10-344C-4996-A45F-5336427CD362}.Release|Any CPU.ActiveCfg = Release|Any CPU
		{9FA52D10-344C-4996-A45F-5336427CD362}.Release|Any CPU.Build.0 = Release|Any CPU
		{BD84A242-5330-4642-B328-37D47C80B4AB}.Debug|Any CPU.ActiveCfg = Debug|Any CPU
		{BD84A242-5330-4642-B328-37D47C80B4AB}.Debug|Any CPU.Build.0 = Debug|Any CPU
		{BD84A242-5330-4642-B328-37D47C80B4AB}.Release|Any CPU.ActiveCfg = Release|Any CPU
		{BD84A242-5330-4642-B328-37D47C80B4AB}.Release|Any CPU.Build.0 = Release|Any CPU
		{6E6D76F6-8D32-45ED-80A9-06650B88FA51}.Debug|Any CPU.ActiveCfg = Debug|Any CPU
		{6E6D76F6-8D32-45ED-80A9-06650B88FA51}.Debug|Any CPU.Build.0 = Debug|Any CPU
		{6E6D76F6-8D32-45ED-80A9-06650B88FA51}.Release|Any CPU.ActiveCfg = Release|Any CPU
		{6E6D76F6-8D32-45ED-80A9-06650B88FA51}.Release|Any CPU.Build.0 = Release|Any CPU
		{DC57418F-9641-49BE-A0FE-36F1CB1921EB}.Debug|Any CPU.ActiveCfg = Debug|Any CPU
		{DC57418F-9641-49BE-A0FE-36F1CB1921EB}.Debug|Any CPU.Build.0 = Debug|Any CPU
		{DC57418F-9641-49BE-A0FE-36F1CB1921EB}.Release|Any CPU.ActiveCfg = Release|Any CPU
		{DC57418F-9641-49BE-A0FE-36F1CB1921EB}.Release|Any CPU.Build.0 = Release|Any CPU
		{EBCC9C29-29BC-4822-9063-D5B6EDB0ECB6}.Debug|Any CPU.ActiveCfg = Debug|Any CPU
		{EBCC9C29-29BC-4822-9063-D5B6EDB0ECB6}.Debug|Any CPU.Build.0 = Debug|Any CPU
		{EBCC9C29-29BC-4822-9063-D5B6EDB0ECB6}.Release|Any CPU.ActiveCfg = Release|Any CPU
		{EBCC9C29-29BC-4822-9063-D5B6EDB0ECB6}.Release|Any CPU.Build.0 = Release|Any CPU
		{E476E3C8-ABC1-4E5F-96B6-4CD8CEA2DF62}.Debug|Any CPU.ActiveCfg = Debug|Any CPU
		{E476E3C8-ABC1-4E5F-96B6-4CD8CEA2DF62}.Debug|Any CPU.Build.0 = Debug|Any CPU
		{E476E3C8-ABC1-4E5F-96B6-4CD8CEA2DF62}.Release|Any CPU.ActiveCfg = Release|Any CPU
		{E476E3C8-ABC1-4E5F-96B6-4CD8CEA2DF62}.Release|Any CPU.Build.0 = Release|Any CPU
		{03A98066-48F2-452D-82F6-6EB689751E76}.Debug|Any CPU.ActiveCfg = Debug|Any CPU
		{03A98066-48F2-452D-82F6-6EB689751E76}.Debug|Any CPU.Build.0 = Debug|Any CPU
		{03A98066-48F2-452D-82F6-6EB689751E76}.Release|Any CPU.ActiveCfg = Release|Any CPU
		{03A98066-48F2-452D-82F6-6EB689751E76}.Release|Any CPU.Build.0 = Release|Any CPU
		{D0BA200A-6B51-41B4-AB79-6FD04F95CF0E}.Debug|Any CPU.ActiveCfg = Debug|Any CPU
		{D0BA200A-6B51-41B4-AB79-6FD04F95CF0E}.Debug|Any CPU.Build.0 = Debug|Any CPU
		{D0BA200A-6B51-41B4-AB79-6FD04F95CF0E}.Release|Any CPU.ActiveCfg = Release|Any CPU
		{D0BA200A-6B51-41B4-AB79-6FD04F95CF0E}.Release|Any CPU.Build.0 = Release|Any CPU
	EndGlobalSection
	GlobalSection(SolutionProperties) = preSolution
		HideSolutionNode = FALSE
	EndGlobalSection
	GlobalSection(NestedProjects) = preSolution
		{FAD793B6-12FA-4F79-97CC-C6BC4ED70068} = {02EA681E-C7D8-13C7-8484-4AC65E1B71E8}
		{9F58696D-BDCD-4863-8FAD-DB4CA444573D} = {FAD793B6-12FA-4F79-97CC-C6BC4ED70068}
		{C18EAB1E-355C-48A0-9B2D-E26C3525059C} = {9F58696D-BDCD-4863-8FAD-DB4CA444573D}
		{D0EDA989-BDBE-479F-AB7E-C20283F5C517} = {9F58696D-BDCD-4863-8FAD-DB4CA444573D}
		{2DA17D6A-2A5A-4412-A807-923E31900A63} = {9F58696D-BDCD-4863-8FAD-DB4CA444573D}
		{602768D7-A57E-425D-AA35-BDD5BBC9AFB5} = {FAD793B6-12FA-4F79-97CC-C6BC4ED70068}
		{1F35C06D-A3E1-4C42-A4AC-EB7FFB19A79F} = {602768D7-A57E-425D-AA35-BDD5BBC9AFB5}
		{99D81393-D647-47DF-B849-B0DB944C8F95} = {1F35C06D-A3E1-4C42-A4AC-EB7FFB19A79F}
		{663C2959-0525-4FBE-A232-5E6A2ECBBBFD} = {9F58696D-BDCD-4863-8FAD-DB4CA444573D}
		{6D846E1E-A75C-44B1-B57B-ACA07A2029FE} = {663C2959-0525-4FBE-A232-5E6A2ECBBBFD}
		{C6AB24D2-A821-4FC0-895F-BF46187DC836} = {6D846E1E-A75C-44B1-B57B-ACA07A2029FE}
		{251A4A07-4FA7-4A7F-A90B-75B863AD795E} = {6D846E1E-A75C-44B1-B57B-ACA07A2029FE}
		{9F5035C2-D318-4E1F-A322-B3C020A342AC} = {FAD793B6-12FA-4F79-97CC-C6BC4ED70068}
		{F8B31287-4435-457B-B87A-0FFB63CEFE2F} = {9F58696D-BDCD-4863-8FAD-DB4CA444573D}
		{7B2993DE-F182-4C16-9F96-8BE2C6DEC01A} = {FAD793B6-12FA-4F79-97CC-C6BC4ED70068}
		{D405342E-4E87-4690-99F9-128176A339D3} = {7B2993DE-F182-4C16-9F96-8BE2C6DEC01A}
		{D1DF5C7A-7D79-4140-AFCE-72C319C08BE9} = {7B2993DE-F182-4C16-9F96-8BE2C6DEC01A}
		{F1012FF5-3CFA-4519-B5F2-C3D7A0361C9B} = {7B2993DE-F182-4C16-9F96-8BE2C6DEC01A}
		{80969F35-04EB-4283-8910-6FED7E688635} = {7B2993DE-F182-4C16-9F96-8BE2C6DEC01A}
		{A96AE328-548F-469C-86E4-F5FD9F27CB91} = {7B2993DE-F182-4C16-9F96-8BE2C6DEC01A}
		{FD9AEB40-04E9-4FA9-BD30-5AD2094422C3} = {A96AE328-548F-469C-86E4-F5FD9F27CB91}
		{F5D89D53-DCCD-406F-B62F-66A13805ACF8} = {FD9AEB40-04E9-4FA9-BD30-5AD2094422C3}
		{5418B541-B24F-46BC-ABB8-0814C6174AEE} = {FD9AEB40-04E9-4FA9-BD30-5AD2094422C3}
		{FFDB633C-997A-4928-B9F5-714021282FA6} = {43E7D159-47B0-4797-AD4B-89987B2055EF}
		{001CFE56-4B0C-4D37-81DC-85583E397D2A} = {02EA681E-C7D8-13C7-8484-4AC65E1B71E8}
		{AC275546-0ADB-4820-9210-F34C2B9DF59F} = {001CFE56-4B0C-4D37-81DC-85583E397D2A}
		{03F1FE16-56F7-4820-974F-5CF67242C466} = {9F5035C2-D318-4E1F-A322-B3C020A342AC}
		{9FA52D10-344C-4996-A45F-5336427CD362} = {9F5035C2-D318-4E1F-A322-B3C020A342AC}
		{BD84A242-5330-4642-B328-37D47C80B4AB} = {9F5035C2-D318-4E1F-A322-B3C020A342AC}
		{6E6D76F6-8D32-45ED-80A9-06650B88FA51} = {9F5035C2-D318-4E1F-A322-B3C020A342AC}
		{03805083-80A3-4657-9726-6AC4F3AAF73F} = {9F5035C2-D318-4E1F-A322-B3C020A342AC}
		{D85E47AA-10D0-497C-B89D-07F83549465E} = {03805083-80A3-4657-9726-6AC4F3AAF73F}
		{DC57418F-9641-49BE-A0FE-36F1CB1921EB} = {D85E47AA-10D0-497C-B89D-07F83549465E}
		{EBCC9C29-29BC-4822-9063-D5B6EDB0ECB6} = {D85E47AA-10D0-497C-B89D-07F83549465E}
		{E476E3C8-ABC1-4E5F-96B6-4CD8CEA2DF62} = {001CFE56-4B0C-4D37-81DC-85583E397D2A}
		{03A98066-48F2-452D-82F6-6EB689751E76} = {9F58696D-BDCD-4863-8FAD-DB4CA444573D}
		{D0BA200A-6B51-41B4-AB79-6FD04F95CF0E} = {9F5035C2-D318-4E1F-A322-B3C020A342AC}
	EndGlobalSection
	GlobalSection(ExtensibilityGlobals) = postSolution
		SolutionGuid = {AC909AF2-6A37-4187-B549-EE1C5A376ABF}
	EndGlobalSection
EndGlobal
